// !$*UTF8*$!
{
	archiveVersion = 1;
	classes = {
	};
	objectVersion = 55;
	objects = {

/* Begin PBXBuildFile section */
		4A179003276CEED40025CE1B /* QuizGameSearch.swift in Sources */ = {isa = PBXBuildFile; fileRef = 4A179002276CEED40025CE1B /* QuizGameSearch.swift */; };
		4A179007276CF52D0025CE1B /* QuizGameFiltersView.swift in Sources */ = {isa = PBXBuildFile; fileRef = 4A179006276CF52D0025CE1B /* QuizGameFiltersView.swift */; };
		4A17900C276D18CE0025CE1B /* QuizGame.swift in Sources */ = {isa = PBXBuildFile; fileRef = 4A17900B276D18CE0025CE1B /* QuizGame.swift */; };
		4A17900F276D19610025CE1B /* QuestionsManager.swift in Sources */ = {isa = PBXBuildFile; fileRef = 4A17900E276D19610025CE1B /* QuestionsManager.swift */; };
		4A179015276D31700025CE1B /* Skillmprove.sqlite in Resources */ = {isa = PBXBuildFile; fileRef = 4A179012276D31700025CE1B /* Skillmprove.sqlite */; };
		4A179016276D31700025CE1B /* Skillmprove.sqlite-shm in Resources */ = {isa = PBXBuildFile; fileRef = 4A179013276D31700025CE1B /* Skillmprove.sqlite-shm */; };
		4A179017276D31700025CE1B /* Skillmprove.sqlite-wal in Resources */ = {isa = PBXBuildFile; fileRef = 4A179014276D31700025CE1B /* Skillmprove.sqlite-wal */; };
		4A24A721276A4CC90068BFB7 /* Cardify.swift in Sources */ = {isa = PBXBuildFile; fileRef = 4A24A720276A4CC90068BFB7 /* Cardify.swift */; };
		4A24A723276A5EC60068BFB7 /* DeckView.swift in Sources */ = {isa = PBXBuildFile; fileRef = 4A24A722276A5EC60068BFB7 /* DeckView.swift */; };
		4A24A731276A80F00068BFB7 /* PopupView.swift in Sources */ = {isa = PBXBuildFile; fileRef = 4A24A730276A80F00068BFB7 /* PopupView.swift */; };
		4A24A733276A866B0068BFB7 /* AnswerEvaluationView.swift in Sources */ = {isa = PBXBuildFile; fileRef = 4A24A732276A866B0068BFB7 /* AnswerEvaluationView.swift */; };
		4A3980CF276DF5380099FEA1 /* Collection.swift in Sources */ = {isa = PBXBuildFile; fileRef = 4A3980CE276DF5380099FEA1 /* Collection.swift */; };
		4A3980D1276DFB8F0099FEA1 /* CardRotation.swift in Sources */ = {isa = PBXBuildFile; fileRef = 4A3980D0276DFB8F0099FEA1 /* CardRotation.swift */; };
		4A3980D4276F8E200099FEA1 /* Introspect in Frameworks */ = {isa = PBXBuildFile; productRef = 4A3980D3276F8E200099FEA1 /* Introspect */; };
		4ADB728B276938710091CAD1 /* SkillmproveApp.swift in Sources */ = {isa = PBXBuildFile; fileRef = 4ADB728A276938710091CAD1 /* SkillmproveApp.swift */; };
		4ADB728F276938720091CAD1 /* Assets.xcassets in Resources */ = {isa = PBXBuildFile; fileRef = 4ADB728E276938720091CAD1 /* Assets.xcassets */; };
		4ADB7292276938720091CAD1 /* Preview Assets.xcassets in Resources */ = {isa = PBXBuildFile; fileRef = 4ADB7291276938720091CAD1 /* Preview Assets.xcassets */; };
		4ADB7294276938720091CAD1 /* Persistence.swift in Sources */ = {isa = PBXBuildFile; fileRef = 4ADB7293276938720091CAD1 /* Persistence.swift */; };
		4ADB7297276938720091CAD1 /* Skillmprove.xcdatamodeld in Sources */ = {isa = PBXBuildFile; fileRef = 4ADB7295276938720091CAD1 /* Skillmprove.xcdatamodeld */; };
		4ADB72AB276943760091CAD1 /* CoreDataExtensions.swift in Sources */ = {isa = PBXBuildFile; fileRef = 4ADB72AA276943760091CAD1 /* CoreDataExtensions.swift */; };
		4ADB72B0276945300091CAD1 /* Persistence+preview.swift in Sources */ = {isa = PBXBuildFile; fileRef = 4ADB72AF276945300091CAD1 /* Persistence+preview.swift */; };
		4ADB72B22769454A0091CAD1 /* topics.json in Resources */ = {isa = PBXBuildFile; fileRef = 4ADB72B12769454A0091CAD1 /* topics.json */; };
		4ADB72B4276945860091CAD1 /* readJSON.swift in Sources */ = {isa = PBXBuildFile; fileRef = 4ADB72B3276945860091CAD1 /* readJSON.swift */; };
		4ADB72B9276949830091CAD1 /* UIKitExtensions.swift in Sources */ = {isa = PBXBuildFile; fileRef = 4ADB72B8276949830091CAD1 /* UIKitExtensions.swift */; };
		4ADB72BC27694BBC0091CAD1 /* SwiftUIExtensions.swift in Sources */ = {isa = PBXBuildFile; fileRef = 4ADB72BB27694BBC0091CAD1 /* SwiftUIExtensions.swift */; };
		4ADB72BE2769CA620091CAD1 /* QuizGameView.swift in Sources */ = {isa = PBXBuildFile; fileRef = 4ADB72BD2769CA620091CAD1 /* QuizGameView.swift */; };
		4ADB72C02769CB540091CAD1 /* Question.swift in Sources */ = {isa = PBXBuildFile; fileRef = 4ADB72BF2769CB540091CAD1 /* Question.swift */; };
		4ADB72C32769DC1F0091CAD1 /* NavigationBarTransparancy.swift in Sources */ = {isa = PBXBuildFile; fileRef = 4ADB72C22769DC1F0091CAD1 /* NavigationBarTransparancy.swift */; };
		4AF3864A276BABD6003E376A /* PopupHostedViewController.swift in Sources */ = {isa = PBXBuildFile; fileRef = 4AF38649276BABD6003E376A /* PopupHostedViewController.swift */; };
		4AF3864D276BBB08003E376A /* ConfettiSwiftUI in Frameworks */ = {isa = PBXBuildFile; productRef = 4AF3864C276BBB08003E376A /* ConfettiSwiftUI */; };
/* End PBXBuildFile section */

/* Begin PBXFileReference section */
		4A179002276CEED40025CE1B /* QuizGameSearch.swift */ = {isa = PBXFileReference; lastKnownFileType = sourcecode.swift; path = QuizGameSearch.swift; sourceTree = "<group>"; };
		4A179006276CF52D0025CE1B /* QuizGameFiltersView.swift */ = {isa = PBXFileReference; lastKnownFileType = sourcecode.swift; path = QuizGameFiltersView.swift; sourceTree = "<group>"; };
		4A17900B276D18CE0025CE1B /* QuizGame.swift */ = {isa = PBXFileReference; lastKnownFileType = sourcecode.swift; path = QuizGame.swift; sourceTree = "<group>"; };
		4A17900E276D19610025CE1B /* QuestionsManager.swift */ = {isa = PBXFileReference; lastKnownFileType = sourcecode.swift; path = QuestionsManager.swift; sourceTree = "<group>"; };
		4A179012276D31700025CE1B /* Skillmprove.sqlite */ = {isa = PBXFileReference; lastKnownFileType = file; path = Skillmprove.sqlite; sourceTree = "<group>"; };
		4A179013276D31700025CE1B /* Skillmprove.sqlite-shm */ = {isa = PBXFileReference; lastKnownFileType = file; path = "Skillmprove.sqlite-shm"; sourceTree = "<group>"; };
		4A179014276D31700025CE1B /* Skillmprove.sqlite-wal */ = {isa = PBXFileReference; lastKnownFileType = file; path = "Skillmprove.sqlite-wal"; sourceTree = "<group>"; };
		4A24A720276A4CC90068BFB7 /* Cardify.swift */ = {isa = PBXFileReference; lastKnownFileType = sourcecode.swift; path = Cardify.swift; sourceTree = "<group>"; };
		4A24A722276A5EC60068BFB7 /* DeckView.swift */ = {isa = PBXFileReference; lastKnownFileType = sourcecode.swift; path = DeckView.swift; sourceTree = "<group>"; };
		4A24A730276A80F00068BFB7 /* PopupView.swift */ = {isa = PBXFileReference; lastKnownFileType = sourcecode.swift; path = PopupView.swift; sourceTree = "<group>"; };
		4A24A732276A866B0068BFB7 /* AnswerEvaluationView.swift */ = {isa = PBXFileReference; lastKnownFileType = sourcecode.swift; path = AnswerEvaluationView.swift; sourceTree = "<group>"; };
		4A3980CE276DF5380099FEA1 /* Collection.swift */ = {isa = PBXFileReference; lastKnownFileType = sourcecode.swift; path = Collection.swift; sourceTree = "<group>"; };
		4A3980D0276DFB8F0099FEA1 /* CardRotation.swift */ = {isa = PBXFileReference; lastKnownFileType = sourcecode.swift; path = CardRotation.swift; sourceTree = "<group>"; };
		4ADB7287276938710091CAD1 /* Skillmprove.app */ = {isa = PBXFileReference; explicitFileType = wrapper.application; includeInIndex = 0; path = Skillmprove.app; sourceTree = BUILT_PRODUCTS_DIR; };
		4ADB728A276938710091CAD1 /* SkillmproveApp.swift */ = {isa = PBXFileReference; lastKnownFileType = sourcecode.swift; path = SkillmproveApp.swift; sourceTree = "<group>"; };
		4ADB728E276938720091CAD1 /* Assets.xcassets */ = {isa = PBXFileReference; lastKnownFileType = folder.assetcatalog; path = Assets.xcassets; sourceTree = "<group>"; };
		4ADB7291276938720091CAD1 /* Preview Assets.xcassets */ = {isa = PBXFileReference; lastKnownFileType = folder.assetcatalog; path = "Preview Assets.xcassets"; sourceTree = "<group>"; };
		4ADB7293276938720091CAD1 /* Persistence.swift */ = {isa = PBXFileReference; lastKnownFileType = sourcecode.swift; path = Persistence.swift; sourceTree = "<group>"; };
		4ADB7296276938720091CAD1 /* Skillmprove.xcdatamodel */ = {isa = PBXFileReference; lastKnownFileType = wrapper.xcdatamodel; path = Skillmprove.xcdatamodel; sourceTree = "<group>"; };
		4ADB72AA276943760091CAD1 /* CoreDataExtensions.swift */ = {isa = PBXFileReference; lastKnownFileType = sourcecode.swift; path = CoreDataExtensions.swift; sourceTree = "<group>"; };
		4ADB72AF276945300091CAD1 /* Persistence+preview.swift */ = {isa = PBXFileReference; lastKnownFileType = sourcecode.swift; path = "Persistence+preview.swift"; sourceTree = "<group>"; };
		4ADB72B12769454A0091CAD1 /* topics.json */ = {isa = PBXFileReference; lastKnownFileType = text.json; path = topics.json; sourceTree = "<group>"; };
		4ADB72B3276945860091CAD1 /* readJSON.swift */ = {isa = PBXFileReference; lastKnownFileType = sourcecode.swift; path = readJSON.swift; sourceTree = "<group>"; };
		4ADB72B8276949830091CAD1 /* UIKitExtensions.swift */ = {isa = PBXFileReference; lastKnownFileType = sourcecode.swift; path = UIKitExtensions.swift; sourceTree = "<group>"; };
		4ADB72BB27694BBC0091CAD1 /* SwiftUIExtensions.swift */ = {isa = PBXFileReference; lastKnownFileType = sourcecode.swift; path = SwiftUIExtensions.swift; sourceTree = "<group>"; };
		4ADB72BD2769CA620091CAD1 /* QuizGameView.swift */ = {isa = PBXFileReference; lastKnownFileType = sourcecode.swift; path = QuizGameView.swift; sourceTree = "<group>"; };
		4ADB72BF2769CB540091CAD1 /* Question.swift */ = {isa = PBXFileReference; lastKnownFileType = sourcecode.swift; path = Question.swift; sourceTree = "<group>"; };
		4ADB72C22769DC1F0091CAD1 /* NavigationBarTransparancy.swift */ = {isa = PBXFileReference; lastKnownFileType = sourcecode.swift; path = NavigationBarTransparancy.swift; sourceTree = "<group>"; };
		4AF38649276BABD6003E376A /* PopupHostedViewController.swift */ = {isa = PBXFileReference; lastKnownFileType = sourcecode.swift; path = PopupHostedViewController.swift; sourceTree = "<group>"; };
/* End PBXFileReference section */

/* Begin PBXFrameworksBuildPhase section */
		4ADB7284276938710091CAD1 /* Frameworks */ = {
			isa = PBXFrameworksBuildPhase;
			buildActionMask = 2147483647;
			files = (
				4AF3864D276BBB08003E376A /* ConfettiSwiftUI in Frameworks */,
				4A3980D4276F8E200099FEA1 /* Introspect in Frameworks */,
			);
			runOnlyForDeploymentPostprocessing = 0;
		};
/* End PBXFrameworksBuildPhase section */

/* Begin PBXGroup section */
		4A17900A276D18C40025CE1B /* ViewModel */ = {
			isa = PBXGroup;
			children = (
				4A17900B276D18CE0025CE1B /* QuizGame.swift */,
			);
			path = ViewModel;
			sourceTree = "<group>";
		};
		4A17900D276D194C0025CE1B /* Services */ = {
			isa = PBXGroup;
			children = (
				4A17900E276D19610025CE1B /* QuestionsManager.swift */,
			);
			path = Services;
			sourceTree = "<group>";
		};
		4A179011276D31650025CE1B /* Data */ = {
			isa = PBXGroup;
			children = (
				4A179012276D31700025CE1B /* Skillmprove.sqlite */,
				4A179013276D31700025CE1B /* Skillmprove.sqlite-shm */,
				4A179014276D31700025CE1B /* Skillmprove.sqlite-wal */,
			);
			path = Data;
			sourceTree = "<group>";
		};
		4ADB727E276938710091CAD1 = {
			isa = PBXGroup;
			children = (
				4ADB7289276938710091CAD1 /* Skillmprove */,
				4ADB7288276938710091CAD1 /* Products */,
			);
			sourceTree = "<group>";
		};
		4ADB7288276938710091CAD1 /* Products */ = {
			isa = PBXGroup;
			children = (
				4ADB7287276938710091CAD1 /* Skillmprove.app */,
			);
			name = Products;
			sourceTree = "<group>";
		};
		4ADB7289276938710091CAD1 /* Skillmprove */ = {
			isa = PBXGroup;
			children = (
				4ADB72A82769436B0091CAD1 /* Core */,
				4ADB729E27693B5C0091CAD1 /* DB */,
				4ADB7290276938720091CAD1 /* Preview Content */,
				4ADB729F27693B670091CAD1 /* Supporing Files */,
				4A17900D276D194C0025CE1B /* Services */,
				4ADB72A427693CFF0091CAD1 /* Models */,
				4ADB729D27693B530091CAD1 /* Views */,
				4A17900A276D18C40025CE1B /* ViewModel */,
			);
			path = Skillmprove;
			sourceTree = "<group>";
		};
		4ADB7290276938720091CAD1 /* Preview Content */ = {
			isa = PBXGroup;
			children = (
				4ADB7291276938720091CAD1 /* Preview Assets.xcassets */,
			);
			path = "Preview Content";
			sourceTree = "<group>";
		};
		4ADB729D27693B530091CAD1 /* Views */ = {
			isa = PBXGroup;
			children = (
				4ADB72BD2769CA620091CAD1 /* QuizGameView.swift */,
				4A24A722276A5EC60068BFB7 /* DeckView.swift */,
				4A24A732276A866B0068BFB7 /* AnswerEvaluationView.swift */,
				4A179006276CF52D0025CE1B /* QuizGameFiltersView.swift */,
			);
			path = Views;
			sourceTree = "<group>";
		};
		4ADB729E27693B5C0091CAD1 /* DB */ = {
			isa = PBXGroup;
			children = (
				4A179011276D31650025CE1B /* Data */,
				4ADB7293276938720091CAD1 /* Persistence.swift */,
				4ADB7295276938720091CAD1 /* Skillmprove.xcdatamodeld */,
				4ADB72AF276945300091CAD1 /* Persistence+preview.swift */,
				4ADB72B12769454A0091CAD1 /* topics.json */,
			);
			path = DB;
			sourceTree = "<group>";
		};
		4ADB729F27693B670091CAD1 /* Supporing Files */ = {
			isa = PBXGroup;
			children = (
				4ADB728A276938710091CAD1 /* SkillmproveApp.swift */,
				4ADB728E276938720091CAD1 /* Assets.xcassets */,
			);
			path = "Supporing Files";
			sourceTree = "<group>";
		};
		4ADB72A427693CFF0091CAD1 /* Models */ = {
			isa = PBXGroup;
			children = (
				4ADB72BF2769CB540091CAD1 /* Question.swift */,
				4A179002276CEED40025CE1B /* QuizGameSearch.swift */,
			);
			path = Models;
			sourceTree = "<group>";
		};
		4ADB72A82769436B0091CAD1 /* Core */ = {
			isa = PBXGroup;
			children = (
				4ADB72C12769DC150091CAD1 /* ViewModifiers */,
				4ADB72A9276943700091CAD1 /* Extensions */,
				4ADB72B5276945890091CAD1 /* JSON */,
			);
			path = Core;
			sourceTree = "<group>";
		};
		4ADB72A9276943700091CAD1 /* Extensions */ = {
			isa = PBXGroup;
			children = (
				4ADB72AA276943760091CAD1 /* CoreDataExtensions.swift */,
				4ADB72B8276949830091CAD1 /* UIKitExtensions.swift */,
				4ADB72BB27694BBC0091CAD1 /* SwiftUIExtensions.swift */,
				4A3980CE276DF5380099FEA1 /* Collection.swift */,
			);
			path = Extensions;
			sourceTree = "<group>";
		};
		4ADB72B5276945890091CAD1 /* JSON */ = {
			isa = PBXGroup;
			children = (
				4ADB72B3276945860091CAD1 /* readJSON.swift */,
			);
			path = JSON;
			sourceTree = "<group>";
		};
		4ADB72C12769DC150091CAD1 /* ViewModifiers */ = {
			isa = PBXGroup;
			children = (
				4ADB72C22769DC1F0091CAD1 /* NavigationBarTransparancy.swift */,
				4A24A720276A4CC90068BFB7 /* Cardify.swift */,
				4AF38622276BA30E003E376A /* PopupView */,
				4A3980D0276DFB8F0099FEA1 /* CardRotation.swift */,
			);
			path = ViewModifiers;
			sourceTree = "<group>";
		};
		4AF38622276BA30E003E376A /* PopupView */ = {
			isa = PBXGroup;
			children = (
				4A24A730276A80F00068BFB7 /* PopupView.swift */,
				4AF38649276BABD6003E376A /* PopupHostedViewController.swift */,
			);
			path = PopupView;
			sourceTree = "<group>";
		};
/* End PBXGroup section */

/* Begin PBXNativeTarget section */
		4ADB7286276938710091CAD1 /* Skillmprove */ = {
			isa = PBXNativeTarget;
			buildConfigurationList = 4ADB729A276938720091CAD1 /* Build configuration list for PBXNativeTarget "Skillmprove" */;
			buildPhases = (
				4ADB7283276938710091CAD1 /* Sources */,
				4ADB7284276938710091CAD1 /* Frameworks */,
				4ADB7285276938710091CAD1 /* Resources */,
			);
			buildRules = (
			);
			dependencies = (
			);
			name = Skillmprove;
			packageProductDependencies = (
				4AF3864C276BBB08003E376A /* ConfettiSwiftUI */,
				4A3980D3276F8E200099FEA1 /* Introspect */,
			);
			productName = Skillmprove;
			productReference = 4ADB7287276938710091CAD1 /* Skillmprove.app */;
			productType = "com.apple.product-type.application";
		};
/* End PBXNativeTarget section */

/* Begin PBXProject section */
		4ADB727F276938710091CAD1 /* Project object */ = {
			isa = PBXProject;
			attributes = {
				BuildIndependentTargetsInParallel = 1;
				LastSwiftUpdateCheck = 1300;
				LastUpgradeCheck = 1300;
				TargetAttributes = {
					4ADB7286276938710091CAD1 = {
						CreatedOnToolsVersion = 13.0;
					};
				};
			};
			buildConfigurationList = 4ADB7282276938710091CAD1 /* Build configuration list for PBXProject "Skillmprove" */;
			compatibilityVersion = "Xcode 13.0";
			developmentRegion = en;
			hasScannedForEncodings = 0;
			knownRegions = (
				en,
				Base,
			);
			mainGroup = 4ADB727E276938710091CAD1;
			packageReferences = (
				4AF3864B276BBB08003E376A /* XCRemoteSwiftPackageReference "ConfettiSwiftUI" */,
				4A3980D2276F8E200099FEA1 /* XCRemoteSwiftPackageReference "SwiftUI-Introspect" */,
			);
			productRefGroup = 4ADB7288276938710091CAD1 /* Products */;
			projectDirPath = "";
			projectRoot = "";
			targets = (
				4ADB7286276938710091CAD1 /* Skillmprove */,
			);
		};
/* End PBXProject section */

/* Begin PBXResourcesBuildPhase section */
		4ADB7285276938710091CAD1 /* Resources */ = {
			isa = PBXResourcesBuildPhase;
			buildActionMask = 2147483647;
			files = (
				4ADB7292276938720091CAD1 /* Preview Assets.xcassets in Resources */,
				4ADB72B22769454A0091CAD1 /* topics.json in Resources */,
				4A179015276D31700025CE1B /* Skillmprove.sqlite in Resources */,
				4A179017276D31700025CE1B /* Skillmprove.sqlite-wal in Resources */,
				4A179016276D31700025CE1B /* Skillmprove.sqlite-shm in Resources */,
				4ADB728F276938720091CAD1 /* Assets.xcassets in Resources */,
			);
			runOnlyForDeploymentPostprocessing = 0;
		};
/* End PBXResourcesBuildPhase section */

/* Begin PBXSourcesBuildPhase section */
		4ADB7283276938710091CAD1 /* Sources */ = {
			isa = PBXSourcesBuildPhase;
			buildActionMask = 2147483647;
			files = (
				4ADB7297276938720091CAD1 /* Skillmprove.xcdatamodeld in Sources */,
				4ADB7294276938720091CAD1 /* Persistence.swift in Sources */,
				4A24A721276A4CC90068BFB7 /* Cardify.swift in Sources */,
				4ADB728B276938710091CAD1 /* SkillmproveApp.swift in Sources */,
				4ADB72C02769CB540091CAD1 /* Question.swift in Sources */,
				4A17900C276D18CE0025CE1B /* QuizGame.swift in Sources */,
				4ADB72B4276945860091CAD1 /* readJSON.swift in Sources */,
				4ADB72BE2769CA620091CAD1 /* QuizGameView.swift in Sources */,
				4ADB72C32769DC1F0091CAD1 /* NavigationBarTransparancy.swift in Sources */,
				4A17900F276D19610025CE1B /* QuestionsManager.swift in Sources */,
				4ADB72AB276943760091CAD1 /* CoreDataExtensions.swift in Sources */,
				4A24A731276A80F00068BFB7 /* PopupView.swift in Sources */,
				4A3980CF276DF5380099FEA1 /* Collection.swift in Sources */,
				4A3980D1276DFB8F0099FEA1 /* CardRotation.swift in Sources */,
				4ADB72B0276945300091CAD1 /* Persistence+preview.swift in Sources */,
				4A24A733276A866B0068BFB7 /* AnswerEvaluationView.swift in Sources */,
				4ADB72BC27694BBC0091CAD1 /* SwiftUIExtensions.swift in Sources */,
				4A179003276CEED40025CE1B /* QuizGameSearch.swift in Sources */,
				4ADB72B9276949830091CAD1 /* UIKitExtensions.swift in Sources */,
				4A24A723276A5EC60068BFB7 /* DeckView.swift in Sources */,
				4AF3864A276BABD6003E376A /* PopupHostedViewController.swift in Sources */,
				4A179007276CF52D0025CE1B /* QuizGameFiltersView.swift in Sources */,
			);
			runOnlyForDeploymentPostprocessing = 0;
		};
/* End PBXSourcesBuildPhase section */

/* Begin XCBuildConfiguration section */
		4ADB7298276938720091CAD1 /* Debug */ = {
			isa = XCBuildConfiguration;
			buildSettings = {
				ALWAYS_SEARCH_USER_PATHS = NO;
				CLANG_ANALYZER_NONNULL = YES;
				CLANG_ANALYZER_NUMBER_OBJECT_CONVERSION = YES_AGGRESSIVE;
				CLANG_CXX_LANGUAGE_STANDARD = "gnu++17";
				CLANG_CXX_LIBRARY = "libc++";
				CLANG_ENABLE_MODULES = YES;
				CLANG_ENABLE_OBJC_ARC = YES;
				CLANG_ENABLE_OBJC_WEAK = YES;
				CLANG_WARN_BLOCK_CAPTURE_AUTORELEASING = YES;
				CLANG_WARN_BOOL_CONVERSION = YES;
				CLANG_WARN_COMMA = YES;
				CLANG_WARN_CONSTANT_CONVERSION = YES;
				CLANG_WARN_DEPRECATED_OBJC_IMPLEMENTATIONS = YES;
				CLANG_WARN_DIRECT_OBJC_ISA_USAGE = YES_ERROR;
				CLANG_WARN_DOCUMENTATION_COMMENTS = YES;
				CLANG_WARN_EMPTY_BODY = YES;
				CLANG_WARN_ENUM_CONVERSION = YES;
				CLANG_WARN_INFINITE_RECURSION = YES;
				CLANG_WARN_INT_CONVERSION = YES;
				CLANG_WARN_NON_LITERAL_NULL_CONVERSION = YES;
				CLANG_WARN_OBJC_IMPLICIT_RETAIN_SELF = YES;
				CLANG_WARN_OBJC_LITERAL_CONVERSION = YES;
				CLANG_WARN_OBJC_ROOT_CLASS = YES_ERROR;
				CLANG_WARN_QUOTED_INCLUDE_IN_FRAMEWORK_HEADER = YES;
				CLANG_WARN_RANGE_LOOP_ANALYSIS = YES;
				CLANG_WARN_STRICT_PROTOTYPES = YES;
				CLANG_WARN_SUSPICIOUS_MOVE = YES;
				CLANG_WARN_UNGUARDED_AVAILABILITY = YES_AGGRESSIVE;
				CLANG_WARN_UNREACHABLE_CODE = YES;
				CLANG_WARN__DUPLICATE_METHOD_MATCH = YES;
				COPY_PHASE_STRIP = NO;
				DEBUG_INFORMATION_FORMAT = dwarf;
				ENABLE_STRICT_OBJC_MSGSEND = YES;
				ENABLE_TESTABILITY = YES;
				GCC_C_LANGUAGE_STANDARD = gnu11;
				GCC_DYNAMIC_NO_PIC = NO;
				GCC_NO_COMMON_BLOCKS = YES;
				GCC_OPTIMIZATION_LEVEL = 0;
				GCC_PREPROCESSOR_DEFINITIONS = (
					"DEBUG=1",
					"$(inherited)",
				);
				GCC_WARN_64_TO_32_BIT_CONVERSION = YES;
				GCC_WARN_ABOUT_RETURN_TYPE = YES_ERROR;
				GCC_WARN_UNDECLARED_SELECTOR = YES;
				GCC_WARN_UNINITIALIZED_AUTOS = YES_AGGRESSIVE;
				GCC_WARN_UNUSED_FUNCTION = YES;
				GCC_WARN_UNUSED_VARIABLE = YES;
				IPHONEOS_DEPLOYMENT_TARGET = 15.0;
				MTL_ENABLE_DEBUG_INFO = INCLUDE_SOURCE;
				MTL_FAST_MATH = YES;
				ONLY_ACTIVE_ARCH = YES;
				SDKROOT = iphoneos;
				SWIFT_ACTIVE_COMPILATION_CONDITIONS = DEBUG;
				SWIFT_OPTIMIZATION_LEVEL = "-Onone";
			};
			name = Debug;
		};
		4ADB7299276938720091CAD1 /* Release */ = {
			isa = XCBuildConfiguration;
			buildSettings = {
				ALWAYS_SEARCH_USER_PATHS = NO;
				CLANG_ANALYZER_NONNULL = YES;
				CLANG_ANALYZER_NUMBER_OBJECT_CONVERSION = YES_AGGRESSIVE;
				CLANG_CXX_LANGUAGE_STANDARD = "gnu++17";
				CLANG_CXX_LIBRARY = "libc++";
				CLANG_ENABLE_MODULES = YES;
				CLANG_ENABLE_OBJC_ARC = YES;
				CLANG_ENABLE_OBJC_WEAK = YES;
				CLANG_WARN_BLOCK_CAPTURE_AUTORELEASING = YES;
				CLANG_WARN_BOOL_CONVERSION = YES;
				CLANG_WARN_COMMA = YES;
				CLANG_WARN_CONSTANT_CONVERSION = YES;
				CLANG_WARN_DEPRECATED_OBJC_IMPLEMENTATIONS = YES;
				CLANG_WARN_DIRECT_OBJC_ISA_USAGE = YES_ERROR;
				CLANG_WARN_DOCUMENTATION_COMMENTS = YES;
				CLANG_WARN_EMPTY_BODY = YES;
				CLANG_WARN_ENUM_CONVERSION = YES;
				CLANG_WARN_INFINITE_RECURSION = YES;
				CLANG_WARN_INT_CONVERSION = YES;
				CLANG_WARN_NON_LITERAL_NULL_CONVERSION = YES;
				CLANG_WARN_OBJC_IMPLICIT_RETAIN_SELF = YES;
				CLANG_WARN_OBJC_LITERAL_CONVERSION = YES;
				CLANG_WARN_OBJC_ROOT_CLASS = YES_ERROR;
				CLANG_WARN_QUOTED_INCLUDE_IN_FRAMEWORK_HEADER = YES;
				CLANG_WARN_RANGE_LOOP_ANALYSIS = YES;
				CLANG_WARN_STRICT_PROTOTYPES = YES;
				CLANG_WARN_SUSPICIOUS_MOVE = YES;
				CLANG_WARN_UNGUARDED_AVAILABILITY = YES_AGGRESSIVE;
				CLANG_WARN_UNREACHABLE_CODE = YES;
				CLANG_WARN__DUPLICATE_METHOD_MATCH = YES;
				COPY_PHASE_STRIP = NO;
				DEBUG_INFORMATION_FORMAT = "dwarf-with-dsym";
				ENABLE_NS_ASSERTIONS = NO;
				ENABLE_STRICT_OBJC_MSGSEND = YES;
				GCC_C_LANGUAGE_STANDARD = gnu11;
				GCC_NO_COMMON_BLOCKS = YES;
				GCC_WARN_64_TO_32_BIT_CONVERSION = YES;
				GCC_WARN_ABOUT_RETURN_TYPE = YES_ERROR;
				GCC_WARN_UNDECLARED_SELECTOR = YES;
				GCC_WARN_UNINITIALIZED_AUTOS = YES_AGGRESSIVE;
				GCC_WARN_UNUSED_FUNCTION = YES;
				GCC_WARN_UNUSED_VARIABLE = YES;
				IPHONEOS_DEPLOYMENT_TARGET = 15.0;
				MTL_ENABLE_DEBUG_INFO = NO;
				MTL_FAST_MATH = YES;
				SDKROOT = iphoneos;
				SWIFT_COMPILATION_MODE = wholemodule;
				SWIFT_OPTIMIZATION_LEVEL = "-O";
				VALIDATE_PRODUCT = YES;
			};
			name = Release;
		};
		4ADB729B276938720091CAD1 /* Debug */ = {
			isa = XCBuildConfiguration;
			buildSettings = {
				ASSETCATALOG_COMPILER_APPICON_NAME = AppIcon;
				ASSETCATALOG_COMPILER_GLOBAL_ACCENT_COLOR_NAME = AccentColor;
				CODE_SIGN_STYLE = Automatic;
				CURRENT_PROJECT_VERSION = 1;
				DEVELOPMENT_ASSET_PATHS = "\"Skillmprove/Preview Content\"";
				DEVELOPMENT_TEAM = D39D28Y5QZ;
				ENABLE_PREVIEWS = YES;
				GENERATE_INFOPLIST_FILE = YES;
				INFOPLIST_KEY_UIApplicationSceneManifest_Generation = YES;
				INFOPLIST_KEY_UIApplicationSupportsIndirectInputEvents = YES;
				INFOPLIST_KEY_UILaunchScreen_Generation = YES;
				INFOPLIST_KEY_UISupportedInterfaceOrientations_iPad = "UIInterfaceOrientationPortrait UIInterfaceOrientationPortraitUpsideDown UIInterfaceOrientationLandscapeLeft UIInterfaceOrientationLandscapeRight";
				INFOPLIST_KEY_UISupportedInterfaceOrientations_iPhone = "UIInterfaceOrientationPortrait UIInterfaceOrientationLandscapeLeft UIInterfaceOrientationLandscapeRight";
				LD_RUNPATH_SEARCH_PATHS = (
					"$(inherited)",
					"@executable_path/Frameworks",
				);
				MARKETING_VERSION = 1.0;
				PRODUCT_BUNDLE_IDENTIFIER = com.skillmprove.Skillmprove;
				PRODUCT_NAME = "$(TARGET_NAME)";
				SWIFT_EMIT_LOC_STRINGS = YES;
				SWIFT_VERSION = 5.0;
				TARGETED_DEVICE_FAMILY = "1,2";
			};
			name = Debug;
		};
		4ADB729C276938720091CAD1 /* Release */ = {
			isa = XCBuildConfiguration;
			buildSettings = {
				ASSETCATALOG_COMPILER_APPICON_NAME = AppIcon;
				ASSETCATALOG_COMPILER_GLOBAL_ACCENT_COLOR_NAME = AccentColor;
				CODE_SIGN_STYLE = Automatic;
				CURRENT_PROJECT_VERSION = 1;
				DEVELOPMENT_ASSET_PATHS = "\"Skillmprove/Preview Content\"";
				DEVELOPMENT_TEAM = D39D28Y5QZ;
				ENABLE_PREVIEWS = YES;
				GENERATE_INFOPLIST_FILE = YES;
				INFOPLIST_KEY_UIApplicationSceneManifest_Generation = YES;
				INFOPLIST_KEY_UIApplicationSupportsIndirectInputEvents = YES;
				INFOPLIST_KEY_UILaunchScreen_Generation = YES;
				INFOPLIST_KEY_UISupportedInterfaceOrientations_iPad = "UIInterfaceOrientationPortrait UIInterfaceOrientationPortraitUpsideDown UIInterfaceOrientationLandscapeLeft UIInterfaceOrientationLandscapeRight";
				INFOPLIST_KEY_UISupportedInterfaceOrientations_iPhone = "UIInterfaceOrientationPortrait UIInterfaceOrientationLandscapeLeft UIInterfaceOrientationLandscapeRight";
				LD_RUNPATH_SEARCH_PATHS = (
					"$(inherited)",
					"@executable_path/Frameworks",
				);
				MARKETING_VERSION = 1.0;
				PRODUCT_BUNDLE_IDENTIFIER = com.skillmprove.Skillmprove;
				PRODUCT_NAME = "$(TARGET_NAME)";
				SWIFT_EMIT_LOC_STRINGS = YES;
				SWIFT_VERSION = 5.0;
				TARGETED_DEVICE_FAMILY = "1,2";
			};
			name = Release;
		};
/* End XCBuildConfiguration section */

/* Begin XCConfigurationList section */
		4ADB7282276938710091CAD1 /* Build configuration list for PBXProject "Skillmprove" */ = {
			isa = XCConfigurationList;
			buildConfigurations = (
				4ADB7298276938720091CAD1 /* Debug */,
				4ADB7299276938720091CAD1 /* Release */,
			);
			defaultConfigurationIsVisible = 0;
			defaultConfigurationName = Release;
		};
		4ADB729A276938720091CAD1 /* Build configuration list for PBXNativeTarget "Skillmprove" */ = {
			isa = XCConfigurationList;
			buildConfigurations = (
				4ADB729B276938720091CAD1 /* Debug */,
				4ADB729C276938720091CAD1 /* Release */,
			);
			defaultConfigurationIsVisible = 0;
			defaultConfigurationName = Release;
		};
/* End XCConfigurationList section */

/* Begin XCRemoteSwiftPackageReference section */
		4A3980D2276F8E200099FEA1 /* XCRemoteSwiftPackageReference "SwiftUI-Introspect" */ = {
			isa = XCRemoteSwiftPackageReference;
			repositoryURL = "https://github.com/siteline/SwiftUI-Introspect";
			requirement = {
				kind = upToNextMajorVersion;
				minimumVersion = 0.1.3;
			};
		};
		4AF3864B276BBB08003E376A /* XCRemoteSwiftPackageReference "ConfettiSwiftUI" */ = {
			isa = XCRemoteSwiftPackageReference;
			repositoryURL = "https://github.com/simibac/ConfettiSwiftUI";
			requirement = {
				kind = upToNextMajorVersion;
				minimumVersion = 0.3.0;
			};
		};
/* End XCRemoteSwiftPackageReference section */

/* Begin XCSwiftPackageProductDependency section */
		4A3980D3276F8E200099FEA1 /* Introspect */ = {
			isa = XCSwiftPackageProductDependency;
			package = 4A3980D2276F8E200099FEA1 /* XCRemoteSwiftPackageReference "SwiftUI-Introspect" */;
			productName = Introspect;
		};
		4AF3864C276BBB08003E376A /* ConfettiSwiftUI */ = {
			isa = XCSwiftPackageProductDependency;
			package = 4AF3864B276BBB08003E376A /* XCRemoteSwiftPackageReference "ConfettiSwiftUI" */;
			productName = ConfettiSwiftUI;
		};
/* End XCSwiftPackageProductDependency section */

/* Begin XCVersionGroup section */
		4ADB7295276938720091CAD1 /* Skillmprove.xcdatamodeld */ = {
			isa = XCVersionGroup;
			children = (
				4ADB7296276938720091CAD1 /* Skillmprove.xcdatamodel */,
			);
			currentVersion = 4ADB7296276938720091CAD1 /* Skillmprove.xcdatamodel */;
			path = Skillmprove.xcdatamodeld;
			sourceTree = "<group>";
			versionGroupType = wrapper.xcdatamodel;
		};
/* End XCVersionGroup section */
	};
	rootObject = 4ADB727F276938710091CAD1 /* Project object */;
}
